{
  "requires": true,
  "lockfileVersion": 1,
  "dependencies": {
    "zoom-vanilla.js": {
      "version": "2.0.6",
      "resolved": "https://registry.npmjs.org/zoom-vanilla.js/-/zoom-vanilla.js-2.0.6.tgz",
      "integrity": "sha512-VKtOyMaNedVTi8uLpUO5JPFE/MgaELQ7BPjzX3APbvEJufr4JRj+c7f+APVcRMr2Rt9wcm7JeLmD/fjU2q5etw=="
    }
  }
}
